
Microsoft Visual Studio Solution File, Format Version 12.00
# Visual Studio 14
VisualStudioVersion = 14.0.24720.0
MinimumVisualStudioVersion = 10.0.40219.1
Project("{2150E333-8FDC-42A3-9474-1A3956D46DE8}") = "Server", "Server", "{EF65ACE7-DE32-47E9-B2D5-7BB06DCFE857}"
EndProject
Project("{2150E333-8FDC-42A3-9474-1A3956D46DE8}") = "Client", "Client", "{6EA9FCC6-2DEF-41D9-ADC8-E0AD0828D6B6}"
EndProject
Project("{FAE04EC0-301F-11D3-BF4B-00C04F79EFBC}") = "IMS.Server.Host", "Server\Host\IMS.Server.Host.csproj", "{18F6D6FC-B957-4FAF-BD67-E31F93E44E40}"
EndProject
Project("{2150E333-8FDC-42A3-9474-1A3956D46DE8}") = "Sub", "Sub", "{50668709-326A-49E1-B1B8-F7C9D686824C}"
EndProject
Project("{FAE04EC0-301F-11D3-BF4B-00C04F79EFBC}") = "IMS.Server.Common", "Server\Common\IMS.Server.Common.csproj", "{77C5810A-F591-44BD-8F9E-40364826A35E}"
EndProject
Project("{FAE04EC0-301F-11D3-BF4B-00C04F79EFBC}") = "IMS.Server.Sub.Scheduler", "Server\Sub\Scheduler\IMS.Server.Sub.Scheduler.csproj", "{04E3C3A2-8A97-40EE-B188-546721F2D639}"
EndProject
Project("{FAE04EC0-301F-11D3-BF4B-00C04F79EFBC}") = "IMS.Server.Sub.RX", "Server\Sub\RX\IMS.Server.Sub.RX.csproj", "{04E3C3A2-8A97-40EE-B188-546721F2D638}"
EndProject
Project("{FAE04EC0-301F-11D3-BF4B-00C04F79EFBC}") = "IMS.Server.Sub.TX", "Server\Sub\TX\IMS.Server.Sub.TX.csproj", "{04E3C3A2-8A97-40EE-B188-546721F2D637}"
EndProject
Project("{FAE04EC0-301F-11D3-BF4B-00C04F79EFBC}") = "IMS.Server.Sub.SQLWriter", "Server\Sub\SQLWriter\IMS.Server.Sub.SQLWriter.csproj", "{04E3C3A2-8A97-40EE-B188-546721F2D636}"
EndProject
Project("{FAE04EC0-301F-11D3-BF4B-00C04F79EFBC}") = "IMS.Server.Sub.WCFHost", "Server\Sub\WCFHost\IMS.Server.Sub.WCFHost.csproj", "{04E3C3A2-8A97-40EE-B188-546721F2D628}"
EndProject
Project("{2150E333-8FDC-42A3-9474-1A3956D46DE8}") = "Test", "Test", "{C065C36C-12B3-4A6B-BF09-277145B92D9B}"
EndProject
Project("{2150E333-8FDC-42A3-9474-1A3956D46DE8}") = "Lib", "Lib", "{A1921F2A-1451-4D68-BBC7-C097108D1B94}"
EndProject
Project("{FAE04EC0-301F-11D3-BF4B-00C04F79EFBC}") = "IMS.Server.Sub.Lib.LocalDB", "Server\Sub\Lib\Common\LocalDB\IMS.Server.Sub.Lib.LocalDB.csproj", "{68EBF52B-17AD-4873-8B57-3061FCE49469}"
EndProject
Project("{FAE04EC0-301F-11D3-BF4B-00C04F79EFBC}") = "IMS.Server.Sub.Lib.ExternalDB", "Server\Sub\Lib\Common\ExternalDB\IMS.Server.Sub.Lib.ExternalDB.csproj", "{2ECF6E62-BB23-475F-99FB-9C1F0CA0C501}"
EndProject
Project("{FAE04EC0-301F-11D3-BF4B-00C04F79EFBC}") = "IMS.Client.WPF", "Client\IMS.Client.WPF\IMS.Client.WPF.csproj", "{704F5719-3488-449B-A4BE-1F0B5D303A57}"
EndProject
Global
	GlobalSection(SolutionConfigurationPlatforms) = preSolution
		Debug|Any CPU = Debug|Any CPU
		Release|Any CPU = Release|Any CPU
	EndGlobalSection
	GlobalSection(ProjectConfigurationPlatforms) = postSolution
		{18F6D6FC-B957-4FAF-BD67-E31F93E44E40}.Debug|Any CPU.ActiveCfg = Debug|Any CPU
		{18F6D6FC-B957-4FAF-BD67-E31F93E44E40}.Debug|Any CPU.Build.0 = Debug|Any CPU
		{18F6D6FC-B957-4FAF-BD67-E31F93E44E40}.Release|Any CPU.ActiveCfg = Release|Any CPU
		{18F6D6FC-B957-4FAF-BD67-E31F93E44E40}.Release|Any CPU.Build.0 = Release|Any CPU
		{77C5810A-F591-44BD-8F9E-40364826A35E}.Debug|Any CPU.ActiveCfg = Debug|Any CPU
		{77C5810A-F591-44BD-8F9E-40364826A35E}.Debug|Any CPU.Build.0 = Debug|Any CPU
		{77C5810A-F591-44BD-8F9E-40364826A35E}.Release|Any CPU.ActiveCfg = Release|Any CPU
		{77C5810A-F591-44BD-8F9E-40364826A35E}.Release|Any CPU.Build.0 = Release|Any CPU
		{04E3C3A2-8A97-40EE-B188-546721F2D639}.Debug|Any CPU.ActiveCfg = Debug|Any CPU
		{04E3C3A2-8A97-40EE-B188-546721F2D639}.Debug|Any CPU.Build.0 = Debug|Any CPU
		{04E3C3A2-8A97-40EE-B188-546721F2D639}.Release|Any CPU.ActiveCfg = Release|Any CPU
		{04E3C3A2-8A97-40EE-B188-546721F2D639}.Release|Any CPU.Build.0 = Release|Any CPU
		{04E3C3A2-8A97-40EE-B188-546721F2D638}.Debug|Any CPU.ActiveCfg = Debug|Any CPU
		{04E3C3A2-8A97-40EE-B188-546721F2D638}.Debug|Any CPU.Build.0 = Debug|Any CPU
		{04E3C3A2-8A97-40EE-B188-546721F2D638}.Release|Any CPU.ActiveCfg = Release|Any CPU
		{04E3C3A2-8A97-40EE-B188-546721F2D638}.Release|Any CPU.Build.0 = Release|Any CPU
		{04E3C3A2-8A97-40EE-B188-546721F2D637}.Debug|Any CPU.ActiveCfg = Debug|Any CPU
		{04E3C3A2-8A97-40EE-B188-546721F2D637}.Debug|Any CPU.Build.0 = Debug|Any CPU
		{04E3C3A2-8A97-40EE-B188-546721F2D637}.Release|Any CPU.ActiveCfg = Release|Any CPU
		{04E3C3A2-8A97-40EE-B188-546721F2D637}.Release|Any CPU.Build.0 = Release|Any CPU
		{04E3C3A2-8A97-40EE-B188-546721F2D636}.Debug|Any CPU.ActiveCfg = Debug|Any CPU
		{04E3C3A2-8A97-40EE-B188-546721F2D636}.Debug|Any CPU.Build.0 = Debug|Any CPU
		{04E3C3A2-8A97-40EE-B188-546721F2D636}.Release|Any CPU.ActiveCfg = Release|Any CPU
		{04E3C3A2-8A97-40EE-B188-546721F2D636}.Release|Any CPU.Build.0 = Release|Any CPU
		{04E3C3A2-8A97-40EE-B188-546721F2D628}.Debug|Any CPU.ActiveCfg = Debug|Any CPU
		{04E3C3A2-8A97-40EE-B188-546721F2D628}.Debug|Any CPU.Build.0 = Debug|Any CPU
		{04E3C3A2-8A97-40EE-B188-546721F2D628}.Release|Any CPU.ActiveCfg = Release|Any CPU
		{04E3C3A2-8A97-40EE-B188-546721F2D628}.Release|Any CPU.Build.0 = Release|Any CPU
		{68EBF52B-17AD-4873-8B57-3061FCE49469}.Debug|Any CPU.ActiveCfg = Debug|Any CPU
		{68EBF52B-17AD-4873-8B57-3061FCE49469}.Debug|Any CPU.Build.0 = Debug|Any CPU
		{68EBF52B-17AD-4873-8B57-3061FCE49469}.Release|Any CPU.ActiveCfg = Release|Any CPU
		{68EBF52B-17AD-4873-8B57-3061FCE49469}.Release|Any CPU.Build.0 = Release|Any CPU
		{2ECF6E62-BB23-475F-99FB-9C1F0CA0C501}.Debug|Any CPU.ActiveCfg = Debug|Any CPU
		{2ECF6E62-BB23-475F-99FB-9C1F0CA0C501}.Debug|Any CPU.Build.0 = Debug|Any CPU
		{2ECF6E62-BB23-475F-99FB-9C1F0CA0C501}.Release|Any CPU.ActiveCfg = Release|Any CPU
		{2ECF6E62-BB23-475F-99FB-9C1F0CA0C501}.Release|Any CPU.Build.0 = Release|Any CPU
		{704F5719-3488-449B-A4BE-1F0B5D303A57}.Debug|Any CPU.ActiveCfg = Debug|Any CPU
		{704F5719-3488-449B-A4BE-1F0B5D303A57}.Debug|Any CPU.Build.0 = Debug|Any CPU
		{704F5719-3488-449B-A4BE-1F0B5D303A57}.Release|Any CPU.ActiveCfg = Release|Any CPU
		{704F5719-3488-449B-A4BE-1F0B5D303A57}.Release|Any CPU.Build.0 = Release|Any CPU
	EndGlobalSection
	GlobalSection(SolutionProperties) = preSolution
		HideSolutionNode = FALSE
	EndGlobalSection
	GlobalSection(NestedProjects) = preSolution
		{18F6D6FC-B957-4FAF-BD67-E31F93E44E40} = {EF65ACE7-DE32-47E9-B2D5-7BB06DCFE857}
		{50668709-326A-49E1-B1B8-F7C9D686824C} = {EF65ACE7-DE32-47E9-B2D5-7BB06DCFE857}
		{77C5810A-F591-44BD-8F9E-40364826A35E} = {EF65ACE7-DE32-47E9-B2D5-7BB06DCFE857}
		{04E3C3A2-8A97-40EE-B188-546721F2D639} = {50668709-326A-49E1-B1B8-F7C9D686824C}
		{04E3C3A2-8A97-40EE-B188-546721F2D638} = {50668709-326A-49E1-B1B8-F7C9D686824C}
		{04E3C3A2-8A97-40EE-B188-546721F2D637} = {50668709-326A-49E1-B1B8-F7C9D686824C}
		{04E3C3A2-8A97-40EE-B188-546721F2D636} = {50668709-326A-49E1-B1B8-F7C9D686824C}
		{04E3C3A2-8A97-40EE-B188-546721F2D628} = {50668709-326A-49E1-B1B8-F7C9D686824C}
		{A1921F2A-1451-4D68-BBC7-C097108D1B94} = {50668709-326A-49E1-B1B8-F7C9D686824C}
		{68EBF52B-17AD-4873-8B57-3061FCE49469} = {A1921F2A-1451-4D68-BBC7-C097108D1B94}
		{2ECF6E62-BB23-475F-99FB-9C1F0CA0C501} = {A1921F2A-1451-4D68-BBC7-C097108D1B94}
		{704F5719-3488-449B-A4BE-1F0B5D303A57} = {6EA9FCC6-2DEF-41D9-ADC8-E0AD0828D6B6}
	EndGlobalSection
EndGlobal
